
Microsoft Visual Studio Solution File, Format Version 12.00
# Visual Studio Version 17
VisualStudioVersion = 17.4.33205.214
MinimumVisualStudioVersion = 10.0.40219.1
Project("{FAE04EC0-301F-11D3-BF4B-00C04F79EFBC}") = "PWC9", "PWC9\PWC9.csproj", "{29F076F4-0653-4A5A-ACFC-55F38B59DCF5}"
EndProject
Global
	GlobalSection(SolutionConfigurationPlatforms) = preSolution
		Debug|Any CPU = Debug|Any CPU
		Release|Any CPU = Release|Any CPU
	EndGlobalSection
	GlobalSection(ProjectConfigurationPlatforms) = postSolution
		{29F076F4-0653-4A5A-ACFC-55F38B59DCF5}.Debug|Any CPU.ActiveCfg = Debug|Any CPU
		{29F076F4-0653-4A5A-ACFC-55F38B59DCF5}.Debug|Any CPU.Build.0 = Debug|Any CPU
		{29F076F4-0653-4A5A-ACFC-55F38B59DCF5}.Release|Any CPU.ActiveCfg = Release|Any CPU
		{29F076F4-0653-4A5A-ACFC-55F38B59DCF5}.Release|Any CPU.Build.0 = Release|Any CPU
	EndGlobalSection
	GlobalSection(SolutionProperties) = preSolution
		HideSolutionNode = FALSE
	EndGlobalSection
	GlobalSection(ExtensibilityGlobals) = postSolution
		SolutionGuid = {90F632C8-0A19-4356-B6DF-7E6084BC80FD}
	EndGlobalSection
EndGlobal
