
Microsoft Visual Studio Solution File, Format Version 12.00
# Visual Studio Version 17
VisualStudioVersion = 17.4.33205.214
MinimumVisualStudioVersion = 10.0.40219.1
Project("{FAE04EC0-301F-11D3-BF4B-00C04F79EFBC}") = "PWC2", "PWC2\PWC2.csproj", "{921EDC5E-834B-4B28-AA2C-3476CA054210}"
EndProject
Global
	GlobalSection(SolutionConfigurationPlatforms) = preSolution
		Debug|Any CPU = Debug|Any CPU
		Release|Any CPU = Release|Any CPU
	EndGlobalSection
	GlobalSection(ProjectConfigurationPlatforms) = postSolution
		{921EDC5E-834B-4B28-AA2C-3476CA054210}.Debug|Any CPU.ActiveCfg = Debug|Any CPU
		{921EDC5E-834B-4B28-AA2C-3476CA054210}.Debug|Any CPU.Build.0 = Debug|Any CPU
		{921EDC5E-834B-4B28-AA2C-3476CA054210}.Release|Any CPU.ActiveCfg = Release|Any CPU
		{921EDC5E-834B-4B28-AA2C-3476CA054210}.Release|Any CPU.Build.0 = Release|Any CPU
	EndGlobalSection
	GlobalSection(SolutionProperties) = preSolution
		HideSolutionNode = FALSE
	EndGlobalSection
	GlobalSection(ExtensibilityGlobals) = postSolution
		SolutionGuid = {892FF613-3EC1-49CA-A9EA-054431504337}
	EndGlobalSection
EndGlobal
